// !$*UTF8*$!
{
	archiveVersion = 1;
	classes = {
	};
	objectVersion = 46;
	objects = {

/* Begin PBXBuildFile section */
		12EC730D07A26FE41672CBAD /* Pods_Tinder.framework in Frameworks */ = {isa = PBXBuildFile; fileRef = DAF2CBF8A8C6DF9F86537772 /* Pods_Tinder.framework */; };
		5AEF618164DADE006914D1CD /* Pods_TinderTests.framework in Frameworks */ = {isa = PBXBuildFile; fileRef = E1C384DC5E99752E4304A222 /* Pods_TinderTests.framework */; };
		A8E54764DF93F41D9E0D0C68 /* Pods_TinderUITests.framework in Frameworks */ = {isa = PBXBuildFile; fileRef = 119A2A0DA6EB059E3F6B9956 /* Pods_TinderUITests.framework */; };
		D829C0CD206B494C0001F766 /* AppDelegate.swift in Sources */ = {isa = PBXBuildFile; fileRef = D829C0CC206B494C0001F766 /* AppDelegate.swift */; };
		D829C0D2206B494C0001F766 /* Main.storyboard in Resources */ = {isa = PBXBuildFile; fileRef = D829C0D0206B494C0001F766 /* Main.storyboard */; };
		D829C0D4206B494C0001F766 /* Assets.xcassets in Resources */ = {isa = PBXBuildFile; fileRef = D829C0D3206B494C0001F766 /* Assets.xcassets */; };
		D829C0D7206B494C0001F766 /* LaunchScreen.storyboard in Resources */ = {isa = PBXBuildFile; fileRef = D829C0D5206B494C0001F766 /* LaunchScreen.storyboard */; };
		D829C0E2206B494C0001F766 /* TinderTests.swift in Sources */ = {isa = PBXBuildFile; fileRef = D829C0E1206B494C0001F766 /* TinderTests.swift */; };
		D829C0ED206B494C0001F766 /* TinderUITests.swift in Sources */ = {isa = PBXBuildFile; fileRef = D829C0EC206B494C0001F766 /* TinderUITests.swift */; };
		D829C0FB206B4BB10001F766 /* CardsViewController.swift in Sources */ = {isa = PBXBuildFile; fileRef = D829C0FA206B4BB10001F766 /* CardsViewController.swift */; };
/* End PBXBuildFile section */

/* Begin PBXContainerItemProxy section */
		D829C0DE206B494C0001F766 /* PBXContainerItemProxy */ = {
			isa = PBXContainerItemProxy;
			containerPortal = D829C0C1206B494C0001F766 /* Project object */;
			proxyType = 1;
			remoteGlobalIDString = D829C0C8206B494C0001F766;
			remoteInfo = Tinder;
		};
		D829C0E9206B494C0001F766 /* PBXContainerItemProxy */ = {
			isa = PBXContainerItemProxy;
			containerPortal = D829C0C1206B494C0001F766 /* Project object */;
			proxyType = 1;
			remoteGlobalIDString = D829C0C8206B494C0001F766;
			remoteInfo = Tinder;
		};
/* End PBXContainerItemProxy section */

/* Begin PBXFileReference section */
		119A2A0DA6EB059E3F6B9956 /* Pods_TinderUITests.framework */ = {isa = PBXFileReference; explicitFileType = wrapper.framework; includeInIndex = 0; path = Pods_TinderUITests.framework; sourceTree = BUILT_PRODUCTS_DIR; };
		636B8560C007BF97734D1A8D /* Pods-Tinder.debug.xcconfig */ = {isa = PBXFileReference; includeInIndex = 1; lastKnownFileType = text.xcconfig; name = "Pods-Tinder.debug.xcconfig"; path = "Pods/Target Support Files/Pods-Tinder/Pods-Tinder.debug.xcconfig"; sourceTree = "<group>"; };
		752C31859EF72FD21371AE46 /* Pods-TinderUITests.release.xcconfig */ = {isa = PBXFileReference; includeInIndex = 1; lastKnownFileType = text.xcconfig; name = "Pods-TinderUITests.release.xcconfig"; path = "Pods/Target Support Files/Pods-TinderUITests/Pods-TinderUITests.release.xcconfig"; sourceTree = "<group>"; };
		BF37071218847374D7FCC5EB /* Pods-TinderUITests.debug.xcconfig */ = {isa = PBXFileReference; includeInIndex = 1; lastKnownFileType = text.xcconfig; name = "Pods-TinderUITests.debug.xcconfig"; path = "Pods/Target Support Files/Pods-TinderUITests/Pods-TinderUITests.debug.xcconfig"; sourceTree = "<group>"; };
		CBAEAF547D7B1178A712E64F /* Pods-TinderTests.release.xcconfig */ = {isa = PBXFileReference; includeInIndex = 1; lastKnownFileType = text.xcconfig; name = "Pods-TinderTests.release.xcconfig"; path = "Pods/Target Support Files/Pods-TinderTests/Pods-TinderTests.release.xcconfig"; sourceTree = "<group>"; };
		D3129075D44C44E3AE459A48 /* Pods-Tinder.release.xcconfig */ = {isa = PBXFileReference; includeInIndex = 1; lastKnownFileType = text.xcconfig; name = "Pods-Tinder.release.xcconfig"; path = "Pods/Target Support Files/Pods-Tinder/Pods-Tinder.release.xcconfig"; sourceTree = "<group>"; };
		D829C0C9206B494C0001F766 /* Tinder.app */ = {isa = PBXFileReference; explicitFileType = wrapper.application; includeInIndex = 0; path = Tinder.app; sourceTree = BUILT_PRODUCTS_DIR; };
		D829C0CC206B494C0001F766 /* AppDelegate.swift */ = {isa = PBXFileReference; lastKnownFileType = sourcecode.swift; path = AppDelegate.swift; sourceTree = "<group>"; };
		D829C0D1206B494C0001F766 /* Base */ = {isa = PBXFileReference; lastKnownFileType = file.storyboard; name = Base; path = Base.lproj/Main.storyboard; sourceTree = "<group>"; };
		D829C0D3206B494C0001F766 /* Assets.xcassets */ = {isa = PBXFileReference; lastKnownFileType = folder.assetcatalog; path = Assets.xcassets; sourceTree = "<group>"; };
		D829C0D6206B494C0001F766 /* Base */ = {isa = PBXFileReference; lastKnownFileType = file.storyboard; name = Base; path = Base.lproj/LaunchScreen.storyboard; sourceTree = "<group>"; };
		D829C0D8206B494C0001F766 /* Info.plist */ = {isa = PBXFileReference; lastKnownFileType = text.plist.xml; path = Info.plist; sourceTree = "<group>"; };
		D829C0DD206B494C0001F766 /* TinderTests.xctest */ = {isa = PBXFileReference; explicitFileType = wrapper.cfbundle; includeInIndex = 0; path = TinderTests.xctest; sourceTree = BUILT_PRODUCTS_DIR; };
		D829C0E1206B494C0001F766 /* TinderTests.swift */ = {isa = PBXFileReference; lastKnownFileType = sourcecode.swift; path = TinderTests.swift; sourceTree = "<group>"; };
		D829C0E3206B494C0001F766 /* Info.plist */ = {isa = PBXFileReference; lastKnownFileType = text.plist.xml; path = Info.plist; sourceTree = "<group>"; };
		D829C0E8206B494C0001F766 /* TinderUITests.xctest */ = {isa = PBXFileReference; explicitFileType = wrapper.cfbundle; includeInIndex = 0; path = TinderUITests.xctest; sourceTree = BUILT_PRODUCTS_DIR; };
		D829C0EC206B494C0001F766 /* TinderUITests.swift */ = {isa = PBXFileReference; lastKnownFileType = sourcecode.swift; path = TinderUITests.swift; sourceTree = "<group>"; };
		D829C0EE206B494C0001F766 /* Info.plist */ = {isa = PBXFileReference; lastKnownFileType = text.plist.xml; path = Info.plist; sourceTree = "<group>"; };
		D829C0FA206B4BB10001F766 /* CardsViewController.swift */ = {isa = PBXFileReference; fileEncoding = 4; lastKnownFileType = sourcecode.swift; path = CardsViewController.swift; sourceTree = "<group>"; };
		DAF2CBF8A8C6DF9F86537772 /* Pods_Tinder.framework */ = {isa = PBXFileReference; explicitFileType = wrapper.framework; includeInIndex = 0; path = Pods_Tinder.framework; sourceTree = BUILT_PRODUCTS_DIR; };
		E1C384DC5E99752E4304A222 /* Pods_TinderTests.framework */ = {isa = PBXFileReference; explicitFileType = wrapper.framework; includeInIndex = 0; path = Pods_TinderTests.framework; sourceTree = BUILT_PRODUCTS_DIR; };
		EFABE996E1F7E49899EE097D /* Pods-TinderTests.debug.xcconfig */ = {isa = PBXFileReference; includeInIndex = 1; lastKnownFileType = text.xcconfig; name = "Pods-TinderTests.debug.xcconfig"; path = "Pods/Target Support Files/Pods-TinderTests/Pods-TinderTests.debug.xcconfig"; sourceTree = "<group>"; };
/* End PBXFileReference section */

/* Begin PBXFrameworksBuildPhase section */
		D829C0C6206B494C0001F766 /* Frameworks */ = {
			isa = PBXFrameworksBuildPhase;
			buildActionMask = 2147483647;
			files = (
				12EC730D07A26FE41672CBAD /* Pods_Tinder.framework in Frameworks */,
			);
			runOnlyForDeploymentPostprocessing = 0;
		};
		D829C0DA206B494C0001F766 /* Frameworks */ = {
			isa = PBXFrameworksBuildPhase;
			buildActionMask = 2147483647;
			files = (
				5AEF618164DADE006914D1CD /* Pods_TinderTests.framework in Frameworks */,
			);
			runOnlyForDeploymentPostprocessing = 0;
		};
		D829C0E5206B494C0001F766 /* Frameworks */ = {
			isa = PBXFrameworksBuildPhase;
			buildActionMask = 2147483647;
			files = (
				A8E54764DF93F41D9E0D0C68 /* Pods_TinderUITests.framework in Frameworks */,
			);
			runOnlyForDeploymentPostprocessing = 0;
		};
/* End PBXFrameworksBuildPhase section */

/* Begin PBXGroup section */
		9EC88AB2D2B3A6E52805CD53 /* Frameworks */ = {
			isa = PBXGroup;
			children = (
				DAF2CBF8A8C6DF9F86537772 /* Pods_Tinder.framework */,
				E1C384DC5E99752E4304A222 /* Pods_TinderTests.framework */,
				119A2A0DA6EB059E3F6B9956 /* Pods_TinderUITests.framework */,
			);
			name = Frameworks;
			sourceTree = "<group>";
		};
		9EE17C85D463B3DBE189AF3C /* Pods */ = {
			isa = PBXGroup;
			children = (
				636B8560C007BF97734D1A8D /* Pods-Tinder.debug.xcconfig */,
				D3129075D44C44E3AE459A48 /* Pods-Tinder.release.xcconfig */,
				EFABE996E1F7E49899EE097D /* Pods-TinderTests.debug.xcconfig */,
				CBAEAF547D7B1178A712E64F /* Pods-TinderTests.release.xcconfig */,
				BF37071218847374D7FCC5EB /* Pods-TinderUITests.debug.xcconfig */,
				752C31859EF72FD21371AE46 /* Pods-TinderUITests.release.xcconfig */,
			);
			name = Pods;
			sourceTree = "<group>";
		};
		D829C0C0206B494C0001F766 = {
			isa = PBXGroup;
			children = (
				D829C0CB206B494C0001F766 /* Tinder */,
				D829C0E0206B494C0001F766 /* TinderTests */,
				D829C0EB206B494C0001F766 /* TinderUITests */,
				D829C0CA206B494C0001F766 /* Products */,
				9EE17C85D463B3DBE189AF3C /* Pods */,
				9EC88AB2D2B3A6E52805CD53 /* Frameworks */,
			);
			sourceTree = "<group>";
		};
		D829C0CA206B494C0001F766 /* Products */ = {
			isa = PBXGroup;
			children = (
				D829C0C9206B494C0001F766 /* Tinder.app */,
				D829C0DD206B494C0001F766 /* TinderTests.xctest */,
				D829C0E8206B494C0001F766 /* TinderUITests.xctest */,
			);
			name = Products;
			sourceTree = "<group>";
		};
		D829C0CB206B494C0001F766 /* Tinder */ = {
			isa = PBXGroup;
			children = (
				D829C0CC206B494C0001F766 /* AppDelegate.swift */,
				D829C0D0206B494C0001F766 /* Main.storyboard */,
				D829C0FA206B4BB10001F766 /* CardsViewController.swift */,
				D829C0D3206B494C0001F766 /* Assets.xcassets */,
				D829C0D5206B494C0001F766 /* LaunchScreen.storyboard */,
				D829C0D8206B494C0001F766 /* Info.plist */,
			);
			path = Tinder;
			sourceTree = "<group>";
		};
		D829C0E0206B494C0001F766 /* TinderTests */ = {
			isa = PBXGroup;
			children = (
				D829C0E1206B494C0001F766 /* TinderTests.swift */,
				D829C0E3206B494C0001F766 /* Info.plist */,
			);
			path = TinderTests;
			sourceTree = "<group>";
		};
		D829C0EB206B494C0001F766 /* TinderUITests */ = {
			isa = PBXGroup;
			children = (
				D829C0EC206B494C0001F766 /* TinderUITests.swift */,
				D829C0EE206B494C0001F766 /* Info.plist */,
			);
			path = TinderUITests;
			sourceTree = "<group>";
		};
/* End PBXGroup section */

/* Begin PBXNativeTarget section */
		D829C0C8206B494C0001F766 /* Tinder */ = {
			isa = PBXNativeTarget;
			buildConfigurationList = D829C0F1206B494C0001F766 /* Build configuration list for PBXNativeTarget "Tinder" */;
			buildPhases = (
				F10B4F29AE80EB0A9EE9CFC9 /* [CP] Check Pods Manifest.lock */,
				D829C0C5206B494C0001F766 /* Sources */,
				D829C0C6206B494C0001F766 /* Frameworks */,
				D829C0C7206B494C0001F766 /* Resources */,
				88FCDF58833C752B794B4985 /* [CP] Embed Pods Frameworks */,
				3DE58C12659495571723DA73 /* [CP] Copy Pods Resources */,
			);
			buildRules = (
			);
			dependencies = (
			);
			name = Tinder;
			productName = Tinder;
			productReference = D829C0C9206B494C0001F766 /* Tinder.app */;
			productType = "com.apple.product-type.application";
		};
		D829C0DC206B494C0001F766 /* TinderTests */ = {
			isa = PBXNativeTarget;
			buildConfigurationList = D829C0F4206B494C0001F766 /* Build configuration list for PBXNativeTarget "TinderTests" */;
			buildPhases = (
				55F92D66809FD030910F1965 /* [CP] Check Pods Manifest.lock */,
				D829C0D9206B494C0001F766 /* Sources */,
				D829C0DA206B494C0001F766 /* Frameworks */,
				D829C0DB206B494C0001F766 /* Resources */,
				8F1D016A7426210944F59057 /* [CP] Embed Pods Frameworks */,
				A79FBE35D76487D96A233600 /* [CP] Copy Pods Resources */,
			);
			buildRules = (
			);
			dependencies = (
				D829C0DF206B494C0001F766 /* PBXTargetDependency */,
			);
			name = TinderTests;
			productName = TinderTests;
			productReference = D829C0DD206B494C0001F766 /* TinderTests.xctest */;
			productType = "com.apple.product-type.bundle.unit-test";
		};
		D829C0E7206B494C0001F766 /* TinderUITests */ = {
			isa = PBXNativeTarget;
			buildConfigurationList = D829C0F7206B494C0001F766 /* Build configuration list for PBXNativeTarget "TinderUITests" */;
			buildPhases = (
				D2F7CA8EFBD1BC1931D02039 /* [CP] Check Pods Manifest.lock */,
				D829C0E4206B494C0001F766 /* Sources */,
				D829C0E5206B494C0001F766 /* Frameworks */,
				D829C0E6206B494C0001F766 /* Resources */,
				A9966B203723160FDA9FA9B6 /* [CP] Embed Pods Frameworks */,
				D861E932C8A600760599465E /* [CP] Copy Pods Resources */,
			);
			buildRules = (
			);
			dependencies = (
				D829C0EA206B494C0001F766 /* PBXTargetDependency */,
			);
			name = TinderUITests;
			productName = TinderUITests;
			productReference = D829C0E8206B494C0001F766 /* TinderUITests.xctest */;
			productType = "com.apple.product-type.bundle.ui-testing";
		};
/* End PBXNativeTarget section */

/* Begin PBXProject section */
		D829C0C1206B494C0001F766 /* Project object */ = {
			isa = PBXProject;
			attributes = {
				LastSwiftUpdateCheck = 0800;
				LastUpgradeCheck = 0800;
				ORGANIZATIONNAME = "Joe Antongiovanni";
				TargetAttributes = {
					D829C0C8206B494C0001F766 = {
						CreatedOnToolsVersion = 8.0;
						ProvisioningStyle = Automatic;
					};
					D829C0DC206B494C0001F766 = {
						CreatedOnToolsVersion = 8.0;
						ProvisioningStyle = Automatic;
						TestTargetID = D829C0C8206B494C0001F766;
					};
					D829C0E7206B494C0001F766 = {
						CreatedOnToolsVersion = 8.0;
						ProvisioningStyle = Automatic;
						TestTargetID = D829C0C8206B494C0001F766;
					};
				};
			};
			buildConfigurationList = D829C0C4206B494C0001F766 /* Build configuration list for PBXProject "Tinder" */;
			compatibilityVersion = "Xcode 3.2";
			developmentRegion = English;
			hasScannedForEncodings = 0;
			knownRegions = (
				en,
				Base,
			);
			mainGroup = D829C0C0206B494C0001F766;
			productRefGroup = D829C0CA206B494C0001F766 /* Products */;
			projectDirPath = "";
			projectRoot = "";
			targets = (
				D829C0C8206B494C0001F766 /* Tinder */,
				D829C0DC206B494C0001F766 /* TinderTests */,
				D829C0E7206B494C0001F766 /* TinderUITests */,
			);
		};
/* End PBXProject section */

/* Begin PBXResourcesBuildPhase section */
		D829C0C7206B494C0001F766 /* Resources */ = {
			isa = PBXResourcesBuildPhase;
			buildActionMask = 2147483647;
			files = (
				D829C0D7206B494C0001F766 /* LaunchScreen.storyboard in Resources */,
				D829C0D4206B494C0001F766 /* Assets.xcassets in Resources */,
				D829C0D2206B494C0001F766 /* Main.storyboard in Resources */,
			);
			runOnlyForDeploymentPostprocessing = 0;
		};
		D829C0DB206B494C0001F766 /* Resources */ = {
			isa = PBXResourcesBuildPhase;
			buildActionMask = 2147483647;
			files = (
			);
			runOnlyForDeploymentPostprocessing = 0;
		};
		D829C0E6206B494C0001F766 /* Resources */ = {
			isa = PBXResourcesBuildPhase;
			buildActionMask = 2147483647;
			files = (
			);
			runOnlyForDeploymentPostprocessing = 0;
		};
/* End PBXResourcesBuildPhase section */

/* Begin PBXShellScriptBuildPhase section */
		3DE58C12659495571723DA73 /* [CP] Copy Pods Resources */ = {
			isa = PBXShellScriptBuildPhase;
			buildActionMask = 2147483647;
			files = (
			);
			inputPaths = (
			);
			name = "[CP] Copy Pods Resources";
			outputPaths = (
			);
			runOnlyForDeploymentPostprocessing = 0;
			shellPath = /bin/sh;
			shellScript = "\"${SRCROOT}/Pods/Target Support Files/Pods-Tinder/Pods-Tinder-resources.sh\"\n";
			showEnvVarsInLog = 0;
		};
		55F92D66809FD030910F1965 /* [CP] Check Pods Manifest.lock */ = {
			isa = PBXShellScriptBuildPhase;
			buildActionMask = 2147483647;
			files = (
			);
			inputPaths = (
				"${PODS_PODFILE_DIR_PATH}/Podfile.lock",
				"${PODS_ROOT}/Manifest.lock",
			);
			name = "[CP] Check Pods Manifest.lock";
			outputPaths = (
				"$(DERIVED_FILE_DIR)/Pods-TinderTests-checkManifestLockResult.txt",
			);
			runOnlyForDeploymentPostprocessing = 0;
			shellPath = /bin/sh;
			shellScript = "diff \"${PODS_PODFILE_DIR_PATH}/Podfile.lock\" \"${PODS_ROOT}/Manifest.lock\" > /dev/null\nif [ $? != 0 ] ; then\n    # print error to STDERR\n    echo \"error: The sandbox is not in sync with the Podfile.lock. Run 'pod install' or update your CocoaPods installation.\" >&2\n    exit 1\nfi\n# This output is used by Xcode 'outputs' to avoid re-running this script phase.\necho \"SUCCESS\" > \"${SCRIPT_OUTPUT_FILE_0}\"\n";
			showEnvVarsInLog = 0;
		};
		88FCDF58833C752B794B4985 /* [CP] Embed Pods Frameworks */ = {
			isa = PBXShellScriptBuildPhase;
			buildActionMask = 2147483647;
			files = (
			);
			inputPaths = (
			);
			name = "[CP] Embed Pods Frameworks";
			outputPaths = (
			);
			runOnlyForDeploymentPostprocessing = 0;
			shellPath = /bin/sh;
			shellScript = "\"${SRCROOT}/Pods/Target Support Files/Pods-Tinder/Pods-Tinder-frameworks.sh\"\n";
			showEnvVarsInLog = 0;
		};
		8F1D016A7426210944F59057 /* [CP] Embed Pods Frameworks */ = {
			isa = PBXShellScriptBuildPhase;
			buildActionMask = 2147483647;
			files = (
			);
			inputPaths = (
			);
			name = "[CP] Embed Pods Frameworks";
			outputPaths = (
			);
			runOnlyForDeploymentPostprocessing = 0;
			shellPath = /bin/sh;
			shellScript = "\"${SRCROOT}/Pods/Target Support Files/Pods-TinderTests/Pods-TinderTests-frameworks.sh\"\n";
			showEnvVarsInLog = 0;
		};
		A79FBE35D76487D96A233600 /* [CP] Copy Pods Resources */ = {
			isa = PBXShellScriptBuildPhase;
			buildActionMask = 2147483647;
			files = (
			);
			inputPaths = (
			);
			name = "[CP] Copy Pods Resources";
			outputPaths = (
			);
			runOnlyForDeploymentPostprocessing = 0;
			shellPath = /bin/sh;
			shellScript = "\"${SRCROOT}/Pods/Target Support Files/Pods-TinderTests/Pods-TinderTests-resources.sh\"\n";
			showEnvVarsInLog = 0;
		};
		A9966B203723160FDA9FA9B6 /* [CP] Embed Pods Frameworks */ = {
			isa = PBXShellScriptBuildPhase;
			buildActionMask = 2147483647;
			files = (
			);
			inputPaths = (
			);
			name = "[CP] Embed Pods Frameworks";
			outputPaths = (
			);
			runOnlyForDeploymentPostprocessing = 0;
			shellPath = /bin/sh;
			shellScript = "\"${SRCROOT}/Pods/Target Support Files/Pods-TinderUITests/Pods-TinderUITests-frameworks.sh\"\n";
			showEnvVarsInLog = 0;
		};
		D2F7CA8EFBD1BC1931D02039 /* [CP] Check Pods Manifest.lock */ = {
			isa = PBXShellScriptBuildPhase;
			buildActionMask = 2147483647;
			files = (
			);
			inputPaths = (
				"${PODS_PODFILE_DIR_PATH}/Podfile.lock",
				"${PODS_ROOT}/Manifest.lock",
			);
			name = "[CP] Check Pods Manifest.lock";
			outputPaths = (
				"$(DERIVED_FILE_DIR)/Pods-TinderUITests-checkManifestLockResult.txt",
			);
			runOnlyForDeploymentPostprocessing = 0;
			shellPath = /bin/sh;
			shellScript = "diff \"${PODS_PODFILE_DIR_PATH}/Podfile.lock\" \"${PODS_ROOT}/Manifest.lock\" > /dev/null\nif [ $? != 0 ] ; then\n    # print error to STDERR\n    echo \"error: The sandbox is not in sync with the Podfile.lock. Run 'pod install' or update your CocoaPods installation.\" >&2\n    exit 1\nfi\n# This output is used by Xcode 'outputs' to avoid re-running this script phase.\necho \"SUCCESS\" > \"${SCRIPT_OUTPUT_FILE_0}\"\n";
			showEnvVarsInLog = 0;
		};
		D861E932C8A600760599465E /* [CP] Copy Pods Resources */ = {
			isa = PBXShellScriptBuildPhase;
			buildActionMask = 2147483647;
			files = (
			);
			inputPaths = (
			);
			name = "[CP] Copy Pods Resources";
			outputPaths = (
			);
			runOnlyForDeploymentPostprocessing = 0;
			shellPath = /bin/sh;
			shellScript = "\"${SRCROOT}/Pods/Target Support Files/Pods-TinderUITests/Pods-TinderUITests-resources.sh\"\n";
			showEnvVarsInLog = 0;
		};
		F10B4F29AE80EB0A9EE9CFC9 /* [CP] Check Pods Manifest.lock */ = {
			isa = PBXShellScriptBuildPhase;
			buildActionMask = 2147483647;
			files = (
			);
			inputPaths = (
				"${PODS_PODFILE_DIR_PATH}/Podfile.lock",
				"${PODS_ROOT}/Manifest.lock",
			);
			name = "[CP] Check Pods Manifest.lock";
			outputPaths = (
				"$(DERIVED_FILE_DIR)/Pods-Tinder-checkManifestLockResult.txt",
			);
			runOnlyForDeploymentPostprocessing = 0;
			shellPath = /bin/sh;
			shellScript = "diff \"${PODS_PODFILE_DIR_PATH}/Podfile.lock\" \"${PODS_ROOT}/Manifest.lock\" > /dev/null\nif [ $? != 0 ] ; then\n    # print error to STDERR\n    echo \"error: The sandbox is not in sync with the Podfile.lock. Run 'pod install' or update your CocoaPods installation.\" >&2\n    exit 1\nfi\n# This output is used by Xcode 'outputs' to avoid re-running this script phase.\necho \"SUCCESS\" > \"${SCRIPT_OUTPUT_FILE_0}\"\n";
			showEnvVarsInLog = 0;
		};
/* End PBXShellScriptBuildPhase section */

/* Begin PBXSourcesBuildPhase section */
		D829C0C5206B494C0001F766 /* Sources */ = {
			isa = PBXSourcesBuildPhase;
			buildActionMask = 2147483647;
			files = (
				D829C0FB206B4BB10001F766 /* CardsViewController.swift in Sources */,
				D829C0CD206B494C0001F766 /* AppDelegate.swift in Sources */,
			);
			runOnlyForDeploymentPostprocessing = 0;
		};
		D829C0D9206B494C0001F766 /* Sources */ = {
			isa = PBXSourcesBuildPhase;
			buildActionMask = 2147483647;
			files = (
				D829C0E2206B494C0001F766 /* TinderTests.swift in Sources */,
			);
			runOnlyForDeploymentPostprocessing = 0;
		};
		D829C0E4206B494C0001F766 /* Sources */ = {
			isa = PBXSourcesBuildPhase;
			buildActionMask = 2147483647;
			files = (
				D829C0ED206B494C0001F766 /* TinderUITests.swift in Sources */,
			);
			runOnlyForDeploymentPostprocessing = 0;
		};
/* End PBXSourcesBuildPhase section */

/* Begin PBXTargetDependency section */
		D829C0DF206B494C0001F766 /* PBXTargetDependency */ = {
			isa = PBXTargetDependency;
			target = D829C0C8206B494C0001F766 /* Tinder */;
			targetProxy = D829C0DE206B494C0001F766 /* PBXContainerItemProxy */;
		};
		D829C0EA206B494C0001F766 /* PBXTargetDependency */ = {
			isa = PBXTargetDependency;
			target = D829C0C8206B494C0001F766 /* Tinder */;
			targetProxy = D829C0E9206B494C0001F766 /* PBXContainerItemProxy */;
		};
/* End PBXTargetDependency section */

/* Begin PBXVariantGroup section */
		D829C0D0206B494C0001F766 /* Main.storyboard */ = {
			isa = PBXVariantGroup;
			children = (
				D829C0D1206B494C0001F766 /* Base */,
			);
			name = Main.storyboard;
			sourceTree = "<group>";
		};
		D829C0D5206B494C0001F766 /* LaunchScreen.storyboard */ = {
			isa = PBXVariantGroup;
			children = (
				D829C0D6206B494C0001F766 /* Base */,
			);
			name = LaunchScreen.storyboard;
			sourceTree = "<group>";
		};
/* End PBXVariantGroup section */

/* Begin XCBuildConfiguration section */
		D829C0EF206B494C0001F766 /* Debug */ = {
			isa = XCBuildConfiguration;
			buildSettings = {
				ALWAYS_SEARCH_USER_PATHS = NO;
				CLANG_ANALYZER_NONNULL = YES;
				CLANG_CXX_LANGUAGE_STANDARD = "gnu++0x";
				CLANG_CXX_LIBRARY = "libc++";
				CLANG_ENABLE_MODULES = YES;
				CLANG_ENABLE_OBJC_ARC = YES;
				CLANG_WARN_BOOL_CONVERSION = YES;
				CLANG_WARN_CONSTANT_CONVERSION = YES;
				CLANG_WARN_DIRECT_OBJC_ISA_USAGE = YES_ERROR;
				CLANG_WARN_DOCUMENTATION_COMMENTS = YES;
				CLANG_WARN_EMPTY_BODY = YES;
				CLANG_WARN_ENUM_CONVERSION = YES;
				CLANG_WARN_INFINITE_RECURSION = YES;
				CLANG_WARN_INT_CONVERSION = YES;
				CLANG_WARN_OBJC_ROOT_CLASS = YES_ERROR;
				CLANG_WARN_SUSPICIOUS_MOVES = YES;
				CLANG_WARN_UNREACHABLE_CODE = YES;
				CLANG_WARN__DUPLICATE_METHOD_MATCH = YES;
				"CODE_SIGN_IDENTITY[sdk=iphoneos*]" = "iPhone Developer";
				COPY_PHASE_STRIP = NO;
				DEBUG_INFORMATION_FORMAT = dwarf;
				ENABLE_STRICT_OBJC_MSGSEND = YES;
				ENABLE_TESTABILITY = YES;
				GCC_C_LANGUAGE_STANDARD = gnu99;
				GCC_DYNAMIC_NO_PIC = NO;
				GCC_NO_COMMON_BLOCKS = YES;
				GCC_OPTIMIZATION_LEVEL = 0;
				GCC_PREPROCESSOR_DEFINITIONS = (
					"DEBUG=1",
					"$(inherited)",
				);
				GCC_WARN_64_TO_32_BIT_CONVERSION = YES;
				GCC_WARN_ABOUT_RETURN_TYPE = YES_ERROR;
				GCC_WARN_UNDECLARED_SELECTOR = YES;
				GCC_WARN_UNINITIALIZED_AUTOS = YES_AGGRESSIVE;
				GCC_WARN_UNUSED_FUNCTION = YES;
				GCC_WARN_UNUSED_VARIABLE = YES;
				IPHONEOS_DEPLOYMENT_TARGET = 10.0;
				MTL_ENABLE_DEBUG_INFO = YES;
				ONLY_ACTIVE_ARCH = YES;
				SDKROOT = iphoneos;
				SWIFT_ACTIVE_COMPILATION_CONDITIONS = DEBUG;
				SWIFT_OPTIMIZATION_LEVEL = "-Onone";
				TARGETED_DEVICE_FAMILY = "1,2";
			};
			name = Debug;
		};
		D829C0F0206B494C0001F766 /* Release */ = {
			isa = XCBuildConfiguration;
			buildSettings = {
				ALWAYS_SEARCH_USER_PATHS = NO;
				CLANG_ANALYZER_NONNULL = YES;
				CLANG_CXX_LANGUAGE_STANDARD = "gnu++0x";
				CLANG_CXX_LIBRARY = "libc++";
				CLANG_ENABLE_MODULES = YES;
				CLANG_ENABLE_OBJC_ARC = YES;
				CLANG_WARN_BOOL_CONVERSION = YES;
				CLANG_WARN_CONSTANT_CONVERSION = YES;
				CLANG_WARN_DIRECT_OBJC_ISA_USAGE = YES_ERROR;
				CLANG_WARN_DOCUMENTATION_COMMENTS = YES;
				CLANG_WARN_EMPTY_BODY = YES;
				CLANG_WARN_ENUM_CONVERSION = YES;
				CLANG_WARN_INFINITE_RECURSION = YES;
				CLANG_WARN_INT_CONVERSION = YES;
				CLANG_WARN_OBJC_ROOT_CLASS = YES_ERROR;
				CLANG_WARN_SUSPICIOUS_MOVES = YES;
				CLANG_WARN_UNREACHABLE_CODE = YES;
				CLANG_WARN__DUPLICATE_METHOD_MATCH = YES;
				"CODE_SIGN_IDENTITY[sdk=iphoneos*]" = "iPhone Developer";
				COPY_PHASE_STRIP = NO;
				DEBUG_INFORMATION_FORMAT = "dwarf-with-dsym";
				ENABLE_NS_ASSERTIONS = NO;
				ENABLE_STRICT_OBJC_MSGSEND = YES;
				GCC_C_LANGUAGE_STANDARD = gnu99;
				GCC_NO_COMMON_BLOCKS = YES;
				GCC_WARN_64_TO_32_BIT_CONVERSION = YES;
				GCC_WARN_ABOUT_RETURN_TYPE = YES_ERROR;
				GCC_WARN_UNDECLARED_SELECTOR = YES;
				GCC_WARN_UNINITIALIZED_AUTOS = YES_AGGRESSIVE;
				GCC_WARN_UNUSED_FUNCTION = YES;
				GCC_WARN_UNUSED_VARIABLE = YES;
				IPHONEOS_DEPLOYMENT_TARGET = 10.0;
				MTL_ENABLE_DEBUG_INFO = NO;
				SDKROOT = iphoneos;
				SWIFT_OPTIMIZATION_LEVEL = "-Owholemodule";
				TARGETED_DEVICE_FAMILY = "1,2";
				VALIDATE_PRODUCT = YES;
			};
			name = Release;
		};
		D829C0F2206B494C0001F766 /* Debug */ = {
			isa = XCBuildConfiguration;
			baseConfigurationReference = 636B8560C007BF97734D1A8D /* Pods-Tinder.debug.xcconfig */;
			buildSettings = {
				ASSETCATALOG_COMPILER_APPICON_NAME = AppIcon;
				INFOPLIST_FILE = Tinder/Info.plist;
				LD_RUNPATH_SEARCH_PATHS = "$(inherited) @executable_path/Frameworks";
				PRODUCT_BUNDLE_IDENTIFIER = edu.csumb.jantongiovanni.Tinder;
				PRODUCT_NAME = "$(TARGET_NAME)";
				SWIFT_VERSION = 3.0;
			};
			name = Debug;
		};
		D829C0F3206B494C0001F766 /* Release */ = {
			isa = XCBuildConfiguration;
			baseConfigurationReference = D3129075D44C44E3AE459A48 /* Pods-Tinder.release.xcconfig */;
			buildSettings = {
				ASSETCATALOG_COMPILER_APPICON_NAME = AppIcon;
				INFOPLIST_FILE = Tinder/Info.plist;
				LD_RUNPATH_SEARCH_PATHS = "$(inherited) @executable_path/Frameworks";
				PRODUCT_BUNDLE_IDENTIFIER = edu.csumb.jantongiovanni.Tinder;
				PRODUCT_NAME = "$(TARGET_NAME)";
				SWIFT_VERSION = 3.0;
			};
			name = Release;
		};
		D829C0F5206B494C0001F766 /* Debug */ = {
			isa = XCBuildConfiguration;
			baseConfigurationReference = EFABE996E1F7E49899EE097D /* Pods-TinderTests.debug.xcconfig */;
			buildSettings = {
				ALWAYS_EMBED_SWIFT_STANDARD_LIBRARIES = YES;
				BUNDLE_LOADER = "$(TEST_HOST)";
				INFOPLIST_FILE = TinderTests/Info.plist;
				LD_RUNPATH_SEARCH_PATHS = "$(inherited) @executable_path/Frameworks @loader_path/Frameworks";
				PRODUCT_BUNDLE_IDENTIFIER = edu.csumb.jantongiovanni.TinderTests;
				PRODUCT_NAME = "$(TARGET_NAME)";
				SWIFT_VERSION = 3.0;
				TEST_HOST = "$(BUILT_PRODUCTS_DIR)/Tinder.app/Tinder";
			};
			name = Debug;
		};
		D829C0F6206B494C0001F766 /* Release */ = {
			isa = XCBuildConfiguration;
			baseConfigurationReference = CBAEAF547D7B1178A712E64F /* Pods-TinderTests.release.xcconfig */;
			buildSettings = {
				ALWAYS_EMBED_SWIFT_STANDARD_LIBRARIES = YES;
				BUNDLE_LOADER = "$(TEST_HOST)";
				INFOPLIST_FILE = TinderTests/Info.plist;
				LD_RUNPATH_SEARCH_PATHS = "$(inherited) @executable_path/Frameworks @loader_path/Frameworks";
				PRODUCT_BUNDLE_IDENTIFIER = edu.csumb.jantongiovanni.TinderTests;
				PRODUCT_NAME = "$(TARGET_NAME)";
				SWIFT_VERSION = 3.0;
				TEST_HOST = "$(BUILT_PRODUCTS_DIR)/Tinder.app/Tinder";
			};
			name = Release;
		};
		D829C0F8206B494C0001F766 /* Debug */ = {
			isa = XCBuildConfiguration;
			baseConfigurationReference = BF37071218847374D7FCC5EB /* Pods-TinderUITests.debug.xcconfig */;
			buildSettings = {
				ALWAYS_EMBED_SWIFT_STANDARD_LIBRARIES = YES;
				INFOPLIST_FILE = TinderUITests/Info.plist;
				LD_RUNPATH_SEARCH_PATHS = "$(inherited) @executable_path/Frameworks @loader_path/Frameworks";
				PRODUCT_BUNDLE_IDENTIFIER = edu.csumb.jantongiovanni.TinderUITests;
				PRODUCT_NAME = "$(TARGET_NAME)";
				SWIFT_VERSION = 3.0;
				TEST_TARGET_NAME = Tinder;
			};
			name = Debug;
		};
		D829C0F9206B494C0001F766 /* Release */ = {
			isa = XCBuildConfiguration;
			baseConfigurationReference = 752C31859EF72FD21371AE46 /* Pods-TinderUITests.release.xcconfig */;
			buildSettings = {
				ALWAYS_EMBED_SWIFT_STANDARD_LIBRARIES = YES;
				INFOPLIST_FILE = TinderUITests/Info.plist;
				LD_RUNPATH_SEARCH_PATHS = "$(inherited) @executable_path/Frameworks @loader_path/Frameworks";
				PRODUCT_BUNDLE_IDENTIFIER = edu.csumb.jantongiovanni.TinderUITests;
				PRODUCT_NAME = "$(TARGET_NAME)";
				SWIFT_VERSION = 3.0;
				TEST_TARGET_NAME = Tinder;
			};
			name = Release;
		};
/* End XCBuildConfiguration section */

/* Begin XCConfigurationList section */
		D829C0C4206B494C0001F766 /* Build configuration list for PBXProject "Tinder" */ = {
			isa = XCConfigurationList;
			buildConfigurations = (
				D829C0EF206B494C0001F766 /* Debug */,
				D829C0F0206B494C0001F766 /* Release */,
			);
			defaultConfigurationIsVisible = 0;
			defaultConfigurationName = Release;
		};
		D829C0F1206B494C0001F766 /* Build configuration list for PBXNativeTarget "Tinder" */ = {
			isa = XCConfigurationList;
			buildConfigurations = (
				D829C0F2206B494C0001F766 /* Debug */,
				D829C0F3206B494C0001F766 /* Release */,
			);
			defaultConfigurationIsVisible = 0;
			defaultConfigurationName = Release;
		};
		D829C0F4206B494C0001F766 /* Build configuration list for PBXNativeTarget "TinderTests" */ = {
			isa = XCConfigurationList;
			buildConfigurations = (
				D829C0F5206B494C0001F766 /* Debug */,
				D829C0F6206B494C0001F766 /* Release */,
			);
			defaultConfigurationIsVisible = 0;
			defaultConfigurationName = Release;
		};
		D829C0F7206B494C0001F766 /* Build configuration list for PBXNativeTarget "TinderUITests" */ = {
			isa = XCConfigurationList;
			buildConfigurations = (
				D829C0F8206B494C0001F766 /* Debug */,
				D829C0F9206B494C0001F766 /* Release */,
			);
			defaultConfigurationIsVisible = 0;
			defaultConfigurationName = Release;
		};
/* End XCConfigurationList section */
	};
	rootObject = D829C0C1206B494C0001F766 /* Project object */;
}
